
Microsoft Visual Studio Solution File, Format Version 12.00
# Visual Studio 16
Project("{FAE04EC0-301F-11D3-BF4B-00C04F79EFBC}") = "Assembly-CSharp", "Assembly-CSharp.csproj", "{A185F130-A3B7-EBBA-B41D-4F80E720F95C}"
EndProject
Project("{FAE04EC0-301F-11D3-BF4B-00C04F79EFBC}") = "Assembly-CSharp-firstpass", "Assembly-CSharp-firstpass.csproj", "{7B9017BA-AD9F-0FCB-0E5D-4B487700A289}"
EndProject
Project("{FAE04EC0-301F-11D3-BF4B-00C04F79EFBC}") = "Assembly-CSharp-Editor-firstpass", "Assembly-CSharp-Editor-firstpass.csproj", "{B955486E-75E5-9413-90AE-AC091F1519EE}"
EndProject
Global
	GlobalSection(SolutionConfigurationPlatforms) = preSolution
		Debug|Any CPU = Debug|Any CPU
		Release|Any CPU = Release|Any CPU
	EndGlobalSection
	GlobalSection(ProjectConfigurationPlatforms) = postSolution
		{A185F130-A3B7-EBBA-B41D-4F80E720F95C}.Debug|Any CPU.ActiveCfg = Debug|Any CPU
		{A185F130-A3B7-EBBA-B41D-4F80E720F95C}.Debug|Any CPU.Build.0 = Debug|Any CPU
		{A185F130-A3B7-EBBA-B41D-4F80E720F95C}.Release|Any CPU.ActiveCfg = Release|Any CPU
		{A185F130-A3B7-EBBA-B41D-4F80E720F95C}.Release|Any CPU.Build.0 = Release|Any CPU
		{7B9017BA-AD9F-0FCB-0E5D-4B487700A289}.Debug|Any CPU.ActiveCfg = Debug|Any CPU
		{7B9017BA-AD9F-0FCB-0E5D-4B487700A289}.Debug|Any CPU.Build.0 = Debug|Any CPU
		{7B9017BA-AD9F-0FCB-0E5D-4B487700A289}.Release|Any CPU.ActiveCfg = Release|Any CPU
		{7B9017BA-AD9F-0FCB-0E5D-4B487700A289}.Release|Any CPU.Build.0 = Release|Any CPU
		{B955486E-75E5-9413-90AE-AC091F1519EE}.Debug|Any CPU.ActiveCfg = Debug|Any CPU
		{B955486E-75E5-9413-90AE-AC091F1519EE}.Debug|Any CPU.Build.0 = Debug|Any CPU
		{B955486E-75E5-9413-90AE-AC091F1519EE}.Release|Any CPU.ActiveCfg = Release|Any CPU
		{B955486E-75E5-9413-90AE-AC091F1519EE}.Release|Any CPU.Build.0 = Release|Any CPU
	EndGlobalSection
	GlobalSection(SolutionProperties) = preSolution
		HideSolutionNode = FALSE
	EndGlobalSection
EndGlobal
